
Microsoft Visual Studio Solution File, Format Version 12.00
# Visual Studio Version 16
VisualStudioVersion = 16.0.30804.86
MinimumVisualStudioVersion = 10.0.40219.1
Project("{9A19103F-16F7-4668-BE54-9A1E7A4F7556}") = "ClassMetotDemo", "ClassMetotDemo\ClassMetotDemo.csproj", "{AA2DC78C-7DC1-402F-BA23-DF85CADEBA67}"
EndProject
Global
	GlobalSection(SolutionConfigurationPlatforms) = preSolution
		Debug|Any CPU = Debug|Any CPU
		Release|Any CPU = Release|Any CPU
	EndGlobalSection
	GlobalSection(ProjectConfigurationPlatforms) = postSolution
		{AA2DC78C-7DC1-402F-BA23-DF85CADEBA67}.Debug|Any CPU.ActiveCfg = Debug|Any CPU
		{AA2DC78C-7DC1-402F-BA23-DF85CADEBA67}.Debug|Any CPU.Build.0 = Debug|Any CPU
		{AA2DC78C-7DC1-402F-BA23-DF85CADEBA67}.Release|Any CPU.ActiveCfg = Release|Any CPU
		{AA2DC78C-7DC1-402F-BA23-DF85CADEBA67}.Release|Any CPU.Build.0 = Release|Any CPU
	EndGlobalSection
	GlobalSection(SolutionProperties) = preSolution
		HideSolutionNode = FALSE
	EndGlobalSection
	GlobalSection(ExtensibilityGlobals) = postSolution
		SolutionGuid = {E2A84CCF-A088-4927-A4BD-8CE354BBA0D6}
	EndGlobalSection
EndGlobal
